
Microsoft Visual Studio Solution File, Format Version 12.00
# Visual Studio 2012
Project("{FAE04EC0-301F-11D3-BF4B-00C04F79EFBC}") = "lab2.3", "lab2.3\lab2.3.csproj", "{DD18F814-2F80-474C-B92F-C0AAF6B5D40D}"
EndProject
Global
	GlobalSection(SolutionConfigurationPlatforms) = preSolution
		Debug|Any CPU = Debug|Any CPU
		Release|Any CPU = Release|Any CPU
	EndGlobalSection
	GlobalSection(ProjectConfigurationPlatforms) = postSolution
		{DD18F814-2F80-474C-B92F-C0AAF6B5D40D}.Debug|Any CPU.ActiveCfg = Debug|Any CPU
		{DD18F814-2F80-474C-B92F-C0AAF6B5D40D}.Debug|Any CPU.Build.0 = Debug|Any CPU
		{DD18F814-2F80-474C-B92F-C0AAF6B5D40D}.Release|Any CPU.ActiveCfg = Release|Any CPU
		{DD18F814-2F80-474C-B92F-C0AAF6B5D40D}.Release|Any CPU.Build.0 = Release|Any CPU
	EndGlobalSection
	GlobalSection(SolutionProperties) = preSolution
		HideSolutionNode = FALSE
	EndGlobalSection
EndGlobal
